// !$*UTF8*$!
{
	archiveVersion = 1;
	classes = {
	};
	objectVersion = 77;
	objects = {

/* Begin PBXBuildFile section */
		485569EC2DEF28BC00677B4C /* GitHubModels.swift in Sources */ = {isa = PBXBuildFile; fileRef = 485569EB2DEF28BC00677B4C /* GitHubModels.swift */; };
		7707EEED2DEEC735008FCEE5 /* Onboarding.swift in Sources */ = {isa = PBXBuildFile; fileRef = 7707EEEC2DEEC735008FCEE5 /* Onboarding.swift */; };
		7707EEEF2DEECB04008FCEE5 /* Search.swift in Sources */ = {isa = PBXBuildFile; fileRef = 7707EEEE2DEECB04008FCEE5 /* Search.swift */; };
		7707EEF22DEED006008FCEE5 /* NotesCard.swift in Sources */ = {isa = PBXBuildFile; fileRef = 7707EEF12DEED006008FCEE5 /* NotesCard.swift */; };
		7707EEF42DEEE116008FCEE5 /* RepoCard.swift in Sources */ = {isa = PBXBuildFile; fileRef = 7707EEF32DEEE116008FCEE5 /* RepoCard.swift */; };
		7707EF072DEF4C49008FCEE5 /* Triangle.swift in Sources */ = {isa = PBXBuildFile; fileRef = 7707EF062DEF4C49008FCEE5 /* Triangle.swift */; };
		77476CB42E04381C00FEE143 /* StorageMode.swift in Sources */ = {isa = PBXBuildFile; fileRef = 77476CB32E04381C00FEE143 /* StorageMode.swift */; };
		77476CB72E043A6300FEE143 /* GitHubUserService.swift in Sources */ = {isa = PBXBuildFile; fileRef = 77476CB62E043A6300FEE143 /* GitHubUserService.swift */; };
		77476CB92E043A7500FEE143 /* GitHubRepoService.swift in Sources */ = {isa = PBXBuildFile; fileRef = 77476CB82E043A7500FEE143 /* GitHubRepoService.swift */; };
		77476CBB2E043A7D00FEE143 /* GitHubFileService.swift in Sources */ = {isa = PBXBuildFile; fileRef = 77476CBA2E043A7D00FEE143 /* GitHubFileService.swift */; };
		77476CBD2E043A8900FEE143 /* GitHubAuthService.swift in Sources */ = {isa = PBXBuildFile; fileRef = 77476CBC2E043A8900FEE143 /* GitHubAuthService.swift */; };
		77476CD52E0440FB00FEE143 /* GitHubServiceError.swift in Sources */ = {isa = PBXBuildFile; fileRef = 77476CD42E0440FB00FEE143 /* GitHubServiceError.swift */; };
		77476CD82E04548500FEE143 /* GitHubLoginCard.swift in Sources */ = {isa = PBXBuildFile; fileRef = 77476CD72E04548500FEE143 /* GitHubLoginCard.swift */; };
		77476CDA2E04549000FEE143 /* GitHubLoginPromptView.swift in Sources */ = {isa = PBXBuildFile; fileRef = 77476CD92E04549000FEE143 /* GitHubLoginPromptView.swift */; };
		77476CDC2E04549500FEE143 /* GitHubVerificationView.swift in Sources */ = {isa = PBXBuildFile; fileRef = 77476CDB2E04549500FEE143 /* GitHubVerificationView.swift */; };
		77476CDE2E04549C00FEE143 /* GitHubProfileCardView.swift in Sources */ = {isa = PBXBuildFile; fileRef = 77476CDD2E04549C00FEE143 /* GitHubProfileCardView.swift */; };
		77476CE02E0456E800FEE143 /* AnyDecodable.swift in Sources */ = {isa = PBXBuildFile; fileRef = 77476CDF2E0456E800FEE143 /* AnyDecodable.swift */; };
		77476CE32E0534FA00FEE143 /* Yams in Frameworks */ = {isa = PBXBuildFile; productRef = 77476CE22E0534FA00FEE143 /* Yams */; };
		77476CE52E05350000FEE143 /* NoteParser.swift in Sources */ = {isa = PBXBuildFile; fileRef = 77476CE42E05350000FEE143 /* NoteParser.swift */; };
		77476CE82E053CDA00FEE143 /* NavigationManager.swift in Sources */ = {isa = PBXBuildFile; fileRef = 77476CE72E053CDA00FEE143 /* NavigationManager.swift */; };
		77476CEA2E053D4300FEE143 /* NoteDetailView.swift in Sources */ = {isa = PBXBuildFile; fileRef = 77476CE92E053D4300FEE143 /* NoteDetailView.swift */; };
		7748B3612DEEB7D2001A816B /* Preview Assets.xcassets in Resources */ = {isa = PBXBuildFile; fileRef = 7748B3582DEEB7D2001A816B /* Preview Assets.xcassets */; };
		7748B3622DEEB7D2001A816B /* Assets.xcassets in Resources */ = {isa = PBXBuildFile; fileRef = 7748B35A2DEEB7D2001A816B /* Assets.xcassets */; };
		7748B3632DEEB7D2001A816B /* NavigationBarStyleKey.swift in Sources */ = {isa = PBXBuildFile; fileRef = 7748B34B2DEEB7D2001A816B /* NavigationBarStyleKey.swift */; };
		7748B3642DEEB7D2001A816B /* ViewOffsetKey.swift in Sources */ = {isa = PBXBuildFile; fileRef = 7748B34C2DEEB7D2001A816B /* ViewOffsetKey.swift */; };
		7748B3652DEEB7D2001A816B /* NavigationBarStyle.swift in Sources */ = {isa = PBXBuildFile; fileRef = 7748B34E2DEEB7D2001A816B /* NavigationBarStyle.swift */; };
		7748B3662DEEB7D2001A816B /* ScrollOffsetBackground.swift in Sources */ = {isa = PBXBuildFile; fileRef = 7748B34F2DEEB7D2001A816B /* ScrollOffsetBackground.swift */; };
		7748B3672DEEB7D2001A816B /* NavigationBar.swift in Sources */ = {isa = PBXBuildFile; fileRef = 7748B3512DEEB7D2001A816B /* NavigationBar.swift */; };
		7748B3682DEEB7D2001A816B /* NavigationBarVariableBlurView.swift in Sources */ = {isa = PBXBuildFile; fileRef = 7748B3522DEEB7D2001A816B /* NavigationBarVariableBlurView.swift */; };
		7748B3692DEEB7D2001A816B /* NavigationBarView.swift in Sources */ = {isa = PBXBuildFile; fileRef = 7748B3532DEEB7D2001A816B /* NavigationBarView.swift */; };
		7748B36A2DEEB7D2001A816B /* ContentView.swift in Sources */ = {isa = PBXBuildFile; fileRef = 7748B35C2DEEB7D2001A816B /* ContentView.swift */; };
		7748B36B2DEEB7D2001A816B /* SmritiApp.swift in Sources */ = {isa = PBXBuildFile; fileRef = 7748B35D2DEEB7D2001A816B /* SmritiApp.swift */; };
		7748B36D2DEEB7F6001A816B /* Home.swift in Sources */ = {isa = PBXBuildFile; fileRef = 7748B36C2DEEB7F6001A816B /* Home.swift */; };
		7748B36F2DEEB7F9001A816B /* Repos.swift in Sources */ = {isa = PBXBuildFile; fileRef = 7748B36E2DEEB7F9001A816B /* Repos.swift */; };
		7748B3712DEEB7FA001A816B /* Notes.swift in Sources */ = {isa = PBXBuildFile; fileRef = 7748B3702DEEB7FA001A816B /* Notes.swift */; };
		7748B3732DEEB7FB001A816B /* Settings.swift in Sources */ = {isa = PBXBuildFile; fileRef = 7748B3722DEEB7FB001A816B /* Settings.swift */; };
		7748B3772DEEBB25001A816B /* UniversalOverlay.swift in Sources */ = {isa = PBXBuildFile; fileRef = 7748B3762DEEBB25001A816B /* UniversalOverlay.swift */; };
		77528AD92DF5D52800DF3120 /* SmritiNote.swift in Sources */ = {isa = PBXBuildFile; fileRef = 77528AD82DF5D52800DF3120 /* SmritiNote.swift */; };
		77B4ED3F2E0596A700EA5804 /* NoteStorageManager.swift in Sources */ = {isa = PBXBuildFile; fileRef = 77B4ED3E2E0596A700EA5804 /* NoteStorageManager.swift */; };
		77B4ED412E0596B700EA5804 /* NewNoteEditorView.swift in Sources */ = {isa = PBXBuildFile; fileRef = 77B4ED402E0596B700EA5804 /* NewNoteEditorView.swift */; };
		77C902782DF572A9009E1A07 /* GitHubUploadStep.swift in Sources */ = {isa = PBXBuildFile; fileRef = 77C902772DF572A9009E1A07 /* GitHubUploadStep.swift */; };
		77C902872DF58BE1009E1A07 /* GitHubService.swift in Sources */ = {isa = PBXBuildFile; fileRef = 77C902862DF58BE1009E1A07 /* GitHubService.swift */; };
		77D283F12DEF8754005F1C52 /* ExampleSecrets.swift in Sources */ = {isa = PBXBuildFile; fileRef = 77D283F02DEF8754005F1C52 /* ExampleSecrets.swift */; };
		77F1CB422E03337D00D922BD /* Secrets.swift in Sources */ = {isa = PBXBuildFile; fileRef = 77F1CB412E03337D00D922BD /* Secrets.swift */; };
/* End PBXBuildFile section */

/* Begin PBXFileReference section */
		485569EB2DEF28BC00677B4C /* GitHubModels.swift */ = {isa = PBXFileReference; lastKnownFileType = sourcecode.swift; path = GitHubModels.swift; sourceTree = "<group>"; };
		7707EEEC2DEEC735008FCEE5 /* Onboarding.swift */ = {isa = PBXFileReference; lastKnownFileType = sourcecode.swift; path = Onboarding.swift; sourceTree = "<group>"; };
		7707EEEE2DEECB04008FCEE5 /* Search.swift */ = {isa = PBXFileReference; lastKnownFileType = sourcecode.swift; path = Search.swift; sourceTree = "<group>"; };
		7707EEF12DEED006008FCEE5 /* NotesCard.swift */ = {isa = PBXFileReference; lastKnownFileType = sourcecode.swift; path = NotesCard.swift; sourceTree = "<group>"; };
		7707EEF32DEEE116008FCEE5 /* RepoCard.swift */ = {isa = PBXFileReference; lastKnownFileType = sourcecode.swift; path = RepoCard.swift; sourceTree = "<group>"; };
		7707EF062DEF4C49008FCEE5 /* Triangle.swift */ = {isa = PBXFileReference; lastKnownFileType = sourcecode.swift; path = Triangle.swift; sourceTree = "<group>"; };
		770F1FCD2DEE0C7B00140442 /* Smriti.app */ = {isa = PBXFileReference; explicitFileType = wrapper.application; includeInIndex = 0; path = Smriti.app; sourceTree = BUILT_PRODUCTS_DIR; };
		77476CB32E04381C00FEE143 /* StorageMode.swift */ = {isa = PBXFileReference; lastKnownFileType = sourcecode.swift; path = StorageMode.swift; sourceTree = "<group>"; };
		77476CB62E043A6300FEE143 /* GitHubUserService.swift */ = {isa = PBXFileReference; lastKnownFileType = sourcecode.swift; path = GitHubUserService.swift; sourceTree = "<group>"; };
		77476CB82E043A7500FEE143 /* GitHubRepoService.swift */ = {isa = PBXFileReference; lastKnownFileType = sourcecode.swift; path = GitHubRepoService.swift; sourceTree = "<group>"; };
		77476CBA2E043A7D00FEE143 /* GitHubFileService.swift */ = {isa = PBXFileReference; lastKnownFileType = sourcecode.swift; path = GitHubFileService.swift; sourceTree = "<group>"; };
		77476CBC2E043A8900FEE143 /* GitHubAuthService.swift */ = {isa = PBXFileReference; lastKnownFileType = sourcecode.swift; path = GitHubAuthService.swift; sourceTree = "<group>"; };
		77476CD42E0440FB00FEE143 /* GitHubServiceError.swift */ = {isa = PBXFileReference; lastKnownFileType = sourcecode.swift; path = GitHubServiceError.swift; sourceTree = "<group>"; };
		77476CD72E04548500FEE143 /* GitHubLoginCard.swift */ = {isa = PBXFileReference; lastKnownFileType = sourcecode.swift; path = GitHubLoginCard.swift; sourceTree = "<group>"; };
		77476CD92E04549000FEE143 /* GitHubLoginPromptView.swift */ = {isa = PBXFileReference; lastKnownFileType = sourcecode.swift; path = GitHubLoginPromptView.swift; sourceTree = "<group>"; };
		77476CDB2E04549500FEE143 /* GitHubVerificationView.swift */ = {isa = PBXFileReference; lastKnownFileType = sourcecode.swift; path = GitHubVerificationView.swift; sourceTree = "<group>"; };
		77476CDD2E04549C00FEE143 /* GitHubProfileCardView.swift */ = {isa = PBXFileReference; lastKnownFileType = sourcecode.swift; path = GitHubProfileCardView.swift; sourceTree = "<group>"; };
		77476CDF2E0456E800FEE143 /* AnyDecodable.swift */ = {isa = PBXFileReference; lastKnownFileType = sourcecode.swift; path = AnyDecodable.swift; sourceTree = "<group>"; };
		77476CE42E05350000FEE143 /* NoteParser.swift */ = {isa = PBXFileReference; lastKnownFileType = sourcecode.swift; path = NoteParser.swift; sourceTree = "<group>"; };
		77476CE72E053CDA00FEE143 /* NavigationManager.swift */ = {isa = PBXFileReference; lastKnownFileType = sourcecode.swift; path = NavigationManager.swift; sourceTree = "<group>"; };
		77476CE92E053D4300FEE143 /* NoteDetailView.swift */ = {isa = PBXFileReference; lastKnownFileType = sourcecode.swift; path = NoteDetailView.swift; sourceTree = "<group>"; };
		7748B34B2DEEB7D2001A816B /* NavigationBarStyleKey.swift */ = {isa = PBXFileReference; lastKnownFileType = sourcecode.swift; path = NavigationBarStyleKey.swift; sourceTree = "<group>"; };
		7748B34C2DEEB7D2001A816B /* ViewOffsetKey.swift */ = {isa = PBXFileReference; lastKnownFileType = sourcecode.swift; path = ViewOffsetKey.swift; sourceTree = "<group>"; };
		7748B34E2DEEB7D2001A816B /* NavigationBarStyle.swift */ = {isa = PBXFileReference; lastKnownFileType = sourcecode.swift; path = NavigationBarStyle.swift; sourceTree = "<group>"; };
		7748B34F2DEEB7D2001A816B /* ScrollOffsetBackground.swift */ = {isa = PBXFileReference; lastKnownFileType = sourcecode.swift; path = ScrollOffsetBackground.swift; sourceTree = "<group>"; };
		7748B3512DEEB7D2001A816B /* NavigationBar.swift */ = {isa = PBXFileReference; lastKnownFileType = sourcecode.swift; path = NavigationBar.swift; sourceTree = "<group>"; };
		7748B3522DEEB7D2001A816B /* NavigationBarVariableBlurView.swift */ = {isa = PBXFileReference; lastKnownFileType = sourcecode.swift; path = NavigationBarVariableBlurView.swift; sourceTree = "<group>"; };
		7748B3532DEEB7D2001A816B /* NavigationBarView.swift */ = {isa = PBXFileReference; lastKnownFileType = sourcecode.swift; path = NavigationBarView.swift; sourceTree = "<group>"; };
		7748B3582DEEB7D2001A816B /* Preview Assets.xcassets */ = {isa = PBXFileReference; lastKnownFileType = folder.assetcatalog; path = "Preview Assets.xcassets"; sourceTree = "<group>"; };
		7748B35A2DEEB7D2001A816B /* Assets.xcassets */ = {isa = PBXFileReference; lastKnownFileType = folder.assetcatalog; path = Assets.xcassets; sourceTree = "<group>"; };
		7748B35C2DEEB7D2001A816B /* ContentView.swift */ = {isa = PBXFileReference; lastKnownFileType = sourcecode.swift; path = ContentView.swift; sourceTree = "<group>"; };
		7748B35D2DEEB7D2001A816B /* SmritiApp.swift */ = {isa = PBXFileReference; lastKnownFileType = sourcecode.swift; path = SmritiApp.swift; sourceTree = "<group>"; };
		7748B36C2DEEB7F6001A816B /* Home.swift */ = {isa = PBXFileReference; lastKnownFileType = sourcecode.swift; path = Home.swift; sourceTree = "<group>"; };
		7748B36E2DEEB7F9001A816B /* Repos.swift */ = {isa = PBXFileReference; lastKnownFileType = sourcecode.swift; path = Repos.swift; sourceTree = "<group>"; };
		7748B3702DEEB7FA001A816B /* Notes.swift */ = {isa = PBXFileReference; lastKnownFileType = sourcecode.swift; path = Notes.swift; sourceTree = "<group>"; };
		7748B3722DEEB7FB001A816B /* Settings.swift */ = {isa = PBXFileReference; lastKnownFileType = sourcecode.swift; path = Settings.swift; sourceTree = "<group>"; };
		7748B3762DEEBB25001A816B /* UniversalOverlay.swift */ = {isa = PBXFileReference; lastKnownFileType = sourcecode.swift; path = UniversalOverlay.swift; sourceTree = "<group>"; };
		77528AD82DF5D52800DF3120 /* SmritiNote.swift */ = {isa = PBXFileReference; lastKnownFileType = sourcecode.swift; path = SmritiNote.swift; sourceTree = "<group>"; };
		77B4ED3E2E0596A700EA5804 /* NoteStorageManager.swift */ = {isa = PBXFileReference; lastKnownFileType = sourcecode.swift; path = NoteStorageManager.swift; sourceTree = "<group>"; };
		77B4ED402E0596B700EA5804 /* NewNoteEditorView.swift */ = {isa = PBXFileReference; lastKnownFileType = sourcecode.swift; path = NewNoteEditorView.swift; sourceTree = "<group>"; };
		77C902772DF572A9009E1A07 /* GitHubUploadStep.swift */ = {isa = PBXFileReference; lastKnownFileType = sourcecode.swift; path = GitHubUploadStep.swift; sourceTree = "<group>"; };
		77C902862DF58BE1009E1A07 /* GitHubService.swift */ = {isa = PBXFileReference; lastKnownFileType = sourcecode.swift; path = GitHubService.swift; sourceTree = "<group>"; };
		77D283F02DEF8754005F1C52 /* ExampleSecrets.swift */ = {isa = PBXFileReference; lastKnownFileType = sourcecode.swift; path = ExampleSecrets.swift; sourceTree = "<group>"; };
		77F1CB412E03337D00D922BD /* Secrets.swift */ = {isa = PBXFileReference; lastKnownFileType = sourcecode.swift; path = Secrets.swift; sourceTree = "<group>"; };
/* End PBXFileReference section */

/* Begin PBXFrameworksBuildPhase section */
		770F1FCA2DEE0C7B00140442 /* Frameworks */ = {
			isa = PBXFrameworksBuildPhase;
			buildActionMask = 2147483647;
			files = (
				77476CE32E0534FA00FEE143 /* Yams in Frameworks */,
			);
			runOnlyForDeploymentPostprocessing = 0;
		};
/* End PBXFrameworksBuildPhase section */

/* Begin PBXGroup section */
		770F1FC42DEE0C7B00140442 = {
			isa = PBXGroup;
			children = (
				7748B3602DEEB7D2001A816B /* Smriti */,
				770F1FCE2DEE0C7B00140442 /* Products */,
			);
			sourceTree = "<group>";
		};
		770F1FCE2DEE0C7B00140442 /* Products */ = {
			isa = PBXGroup;
			children = (
				770F1FCD2DEE0C7B00140442 /* Smriti.app */,
			);
			name = Products;
			sourceTree = "<group>";
		};
		77476CBE2E043C8900FEE143 /* Core */ = {
			isa = PBXGroup;
			children = (
				7748B3552DEEB7D2001A816B /* Helpers */,
				77476CC22E043CBC00FEE143 /* Enums */,
				77476CC32E043CC700FEE143 /* Extensions */,
				77476CC12E043CA900FEE143 /* Secrets */,
			);
			path = Core;
			sourceTree = "<group>";
		};
		77476CBF2E043C8E00FEE143 /* Features */ = {
			isa = PBXGroup;
			children = (
				77476CD02E043E5D00FEE143 /* Home */,
				7748B3782DEEBB2B001A816B /* Alerts */,
				77476CC42E043D0200FEE143 /* Notes */,
				77476CC52E043D0600FEE143 /* Github */,
				77476CC72E043D4800FEE143 /* Search */,
				77476CCF2E043E1D00FEE143 /* Settings */,
			);
			path = Features;
			sourceTree = "<group>";
		};
		77476CC12E043CA900FEE143 /* Secrets */ = {
			isa = PBXGroup;
			children = (
				77F1CB412E03337D00D922BD /* Secrets.swift */,
				77D283F02DEF8754005F1C52 /* ExampleSecrets.swift */,
			);
			path = Secrets;
			sourceTree = "<group>";
		};
		77476CC22E043CBC00FEE143 /* Enums */ = {
			isa = PBXGroup;
			children = (
				77476CB32E04381C00FEE143 /* StorageMode.swift */,
				77C902772DF572A9009E1A07 /* GitHubUploadStep.swift */,
			);
			path = Enums;
			sourceTree = "<group>";
		};
		77476CC32E043CC700FEE143 /* Extensions */ = {
			isa = PBXGroup;
			children = (
				77476CDF2E0456E800FEE143 /* AnyDecodable.swift */,
			);
			path = Extensions;
			sourceTree = "<group>";
		};
		77476CC42E043D0200FEE143 /* Notes */ = {
			isa = PBXGroup;
			children = (
				77B4ED3E2E0596A700EA5804 /* NoteStorageManager.swift */,
				77476CE62E05351700FEE143 /* Parser */,
				77476CC92E043DD300FEE143 /* Model */,
				77476CC82E043DC800FEE143 /* Views */,
			);
			path = Notes;
			sourceTree = "<group>";
		};
		77476CC52E043D0600FEE143 /* Github */ = {
			isa = PBXGroup;
			children = (
				77476CD62E04411000FEE143 /* Errors */,
				77476CCC2E043DF800FEE143 /* Models */,
				77476CCB2E043DF100FEE143 /* Services */,
				77476CCA2E043DEB00FEE143 /* Auth */,
				77476CC62E043D3100FEE143 /* Repos */,
			);
			path = Github;
			sourceTree = "<group>";
		};
		77476CC62E043D3100FEE143 /* Repos */ = {
			isa = PBXGroup;
			children = (
				77476CCD2E043E0F00FEE143 /* Views */,
			);
			path = Repos;
			sourceTree = "<group>";
		};
		77476CC72E043D4800FEE143 /* Search */ = {
			isa = PBXGroup;
			children = (
				7707EEEE2DEECB04008FCEE5 /* Search.swift */,
			);
			path = Search;
			sourceTree = "<group>";
		};
		77476CC82E043DC800FEE143 /* Views */ = {
			isa = PBXGroup;
			children = (
				77B4ED402E0596B700EA5804 /* NewNoteEditorView.swift */,
				77476CE92E053D4300FEE143 /* NoteDetailView.swift */,
				7748B3702DEEB7FA001A816B /* Notes.swift */,
				7707EEF12DEED006008FCEE5 /* NotesCard.swift */,
			);
			path = Views;
			sourceTree = "<group>";
		};
		77476CC92E043DD300FEE143 /* Model */ = {
			isa = PBXGroup;
			children = (
				77528AD82DF5D52800DF3120 /* SmritiNote.swift */,
			);
			path = Model;
			sourceTree = "<group>";
		};
		77476CCA2E043DEB00FEE143 /* Auth */ = {
			isa = PBXGroup;
			children = (
				77476CCE2E043E1600FEE143 /* Views */,
			);
			path = Auth;
			sourceTree = "<group>";
		};
		77476CCB2E043DF100FEE143 /* Services */ = {
			isa = PBXGroup;
			children = (
				77C902862DF58BE1009E1A07 /* GitHubService.swift */,
				77476CBC2E043A8900FEE143 /* GitHubAuthService.swift */,
				77476CB62E043A6300FEE143 /* GitHubUserService.swift */,
				77476CB82E043A7500FEE143 /* GitHubRepoService.swift */,
				77476CBA2E043A7D00FEE143 /* GitHubFileService.swift */,
			);
			path = Services;
			sourceTree = "<group>";
		};
		77476CCC2E043DF800FEE143 /* Models */ = {
			isa = PBXGroup;
			children = (
				485569EB2DEF28BC00677B4C /* GitHubModels.swift */,
			);
			path = Models;
			sourceTree = "<group>";
		};
		77476CCD2E043E0F00FEE143 /* Views */ = {
			isa = PBXGroup;
			children = (
				7748B36E2DEEB7F9001A816B /* Repos.swift */,
				7707EEF32DEEE116008FCEE5 /* RepoCard.swift */,
			);
			path = Views;
			sourceTree = "<group>";
		};
		77476CCE2E043E1600FEE143 /* Views */ = {
			isa = PBXGroup;
			children = (
				77476CDD2E04549C00FEE143 /* GitHubProfileCardView.swift */,
				77476CDB2E04549500FEE143 /* GitHubVerificationView.swift */,
				77476CD92E04549000FEE143 /* GitHubLoginPromptView.swift */,
				77476CD72E04548500FEE143 /* GitHubLoginCard.swift */,
			);
			path = Views;
			sourceTree = "<group>";
		};
		77476CCF2E043E1D00FEE143 /* Settings */ = {
			isa = PBXGroup;
			children = (
				7748B3722DEEB7FB001A816B /* Settings.swift */,
			);
			path = Settings;
			sourceTree = "<group>";
		};
		77476CD02E043E5D00FEE143 /* Home */ = {
			isa = PBXGroup;
			children = (
				7748B36C2DEEB7F6001A816B /* Home.swift */,
			);
			path = Home;
			sourceTree = "<group>";
		};
		77476CD62E04411000FEE143 /* Errors */ = {
			isa = PBXGroup;
			children = (
				77476CD42E0440FB00FEE143 /* GitHubServiceError.swift */,
			);
			path = Errors;
			sourceTree = "<group>";
		};
		77476CE62E05351700FEE143 /* Parser */ = {
			isa = PBXGroup;
			children = (
				77476CE42E05350000FEE143 /* NoteParser.swift */,
			);
			path = Parser;
			sourceTree = "<group>";
		};
		7748B34D2DEEB7D2001A816B /* Keys */ = {
			isa = PBXGroup;
			children = (
				7748B34B2DEEB7D2001A816B /* NavigationBarStyleKey.swift */,
				7748B34C2DEEB7D2001A816B /* ViewOffsetKey.swift */,
			);
			path = Keys;
			sourceTree = "<group>";
		};
		7748B3502DEEB7D2001A816B /* Setup */ = {
			isa = PBXGroup;
			children = (
				7748B34D2DEEB7D2001A816B /* Keys */,
				7748B34E2DEEB7D2001A816B /* NavigationBarStyle.swift */,
				7748B34F2DEEB7D2001A816B /* ScrollOffsetBackground.swift */,
			);
			path = Setup;
			sourceTree = "<group>";
		};
		7748B3542DEEB7D2001A816B /* Navigation Bar */ = {
			isa = PBXGroup;
			children = (
				7748B3502DEEB7D2001A816B /* Setup */,
				7748B3512DEEB7D2001A816B /* NavigationBar.swift */,
				7748B3522DEEB7D2001A816B /* NavigationBarVariableBlurView.swift */,
				7748B3532DEEB7D2001A816B /* NavigationBarView.swift */,
			);
			path = "Navigation Bar";
			sourceTree = "<group>";
		};
		7748B3552DEEB7D2001A816B /* Helpers */ = {
			isa = PBXGroup;
			children = (
				7748B3762DEEBB25001A816B /* UniversalOverlay.swift */,
				7707EF062DEF4C49008FCEE5 /* Triangle.swift */,
				7748B3542DEEB7D2001A816B /* Navigation Bar */,
			);
			path = Helpers;
			sourceTree = "<group>";
		};
		7748B3592DEEB7D2001A816B /* Preview Content */ = {
			isa = PBXGroup;
			children = (
				7748B3582DEEB7D2001A816B /* Preview Assets.xcassets */,
			);
			path = "Preview Content";
			sourceTree = "<group>";
		};
		7748B35B2DEEB7D2001A816B /* Resources */ = {
			isa = PBXGroup;
			children = (
				7748B3592DEEB7D2001A816B /* Preview Content */,
				7748B35A2DEEB7D2001A816B /* Assets.xcassets */,
			);
			path = Resources;
			sourceTree = "<group>";
		};
		7748B35E2DEEB7D2001A816B /* Root */ = {
			isa = PBXGroup;
			children = (
				77476CE72E053CDA00FEE143 /* NavigationManager.swift */,
				7748B35C2DEEB7D2001A816B /* ContentView.swift */,
				7748B35D2DEEB7D2001A816B /* SmritiApp.swift */,
				7707EEEC2DEEC735008FCEE5 /* Onboarding.swift */,
			);
			path = Root;
			sourceTree = "<group>";
		};
		7748B3602DEEB7D2001A816B /* Smriti */ = {
			isa = PBXGroup;
			children = (
				7748B35E2DEEB7D2001A816B /* Root */,
				77476CBE2E043C8900FEE143 /* Core */,
				77476CBF2E043C8E00FEE143 /* Features */,
				7748B35B2DEEB7D2001A816B /* Resources */,
			);
			path = Smriti;
			sourceTree = "<group>";
		};
		7748B3782DEEBB2B001A816B /* Alerts */ = {
			isa = PBXGroup;
			children = (
			);
			path = Alerts;
			sourceTree = "<group>";
		};
/* End PBXGroup section */

/* Begin PBXNativeTarget section */
		770F1FCC2DEE0C7B00140442 /* Smriti */ = {
			isa = PBXNativeTarget;
			buildConfigurationList = 770F1FDB2DEE0C7D00140442 /* Build configuration list for PBXNativeTarget "Smriti" */;
			buildPhases = (
				770F1FC92DEE0C7B00140442 /* Sources */,
				770F1FCA2DEE0C7B00140442 /* Frameworks */,
				770F1FCB2DEE0C7B00140442 /* Resources */,
			);
			buildRules = (
			);
			dependencies = (
			);
			name = Smriti;
			packageProductDependencies = (
				77476CE22E0534FA00FEE143 /* Yams */,
			);
			productName = Smriti;
			productReference = 770F1FCD2DEE0C7B00140442 /* Smriti.app */;
			productType = "com.apple.product-type.application";
		};
/* End PBXNativeTarget section */

/* Begin PBXProject section */
		770F1FC52DEE0C7B00140442 /* Project object */ = {
			isa = PBXProject;
			attributes = {
				BuildIndependentTargetsInParallel = 1;
				LastSwiftUpdateCheck = 1620;
				LastUpgradeCheck = 2600;
				TargetAttributes = {
					770F1FCC2DEE0C7B00140442 = {
						CreatedOnToolsVersion = 16.2;
					};
				};
			};
			buildConfigurationList = 770F1FC82DEE0C7B00140442 /* Build configuration list for PBXProject "Smriti" */;
			developmentRegion = en;
			hasScannedForEncodings = 0;
			knownRegions = (
				en,
				Base,
			);
			mainGroup = 770F1FC42DEE0C7B00140442;
			minimizedProjectReferenceProxies = 1;
			packageReferences = (
				77476CE12E0534FA00FEE143 /* XCRemoteSwiftPackageReference "Yams" */,
			);
			preferredProjectObjectVersion = 77;
			productRefGroup = 770F1FCE2DEE0C7B00140442 /* Products */;
			projectDirPath = "";
			projectRoot = "";
			targets = (
				770F1FCC2DEE0C7B00140442 /* Smriti */,
			);
		};
/* End PBXProject section */

/* Begin PBXResourcesBuildPhase section */
		770F1FCB2DEE0C7B00140442 /* Resources */ = {
			isa = PBXResourcesBuildPhase;
			buildActionMask = 2147483647;
			files = (
				7748B3612DEEB7D2001A816B /* Preview Assets.xcassets in Resources */,
				7748B3622DEEB7D2001A816B /* Assets.xcassets in Resources */,
			);
			runOnlyForDeploymentPostprocessing = 0;
		};
/* End PBXResourcesBuildPhase section */

/* Begin PBXSourcesBuildPhase section */
		770F1FC92DEE0C7B00140442 /* Sources */ = {
			isa = PBXSourcesBuildPhase;
			buildActionMask = 2147483647;
			files = (
				7707EEF22DEED006008FCEE5 /* NotesCard.swift in Sources */,
				7748B3632DEEB7D2001A816B /* NavigationBarStyleKey.swift in Sources */,
				77B4ED412E0596B700EA5804 /* NewNoteEditorView.swift in Sources */,
				7748B3642DEEB7D2001A816B /* ViewOffsetKey.swift in Sources */,
				77476CE02E0456E800FEE143 /* AnyDecodable.swift in Sources */,
				7748B3772DEEBB25001A816B /* UniversalOverlay.swift in Sources */,
				77476CB72E043A6300FEE143 /* GitHubUserService.swift in Sources */,
				7748B3652DEEB7D2001A816B /* NavigationBarStyle.swift in Sources */,
				77476CD82E04548500FEE143 /* GitHubLoginCard.swift in Sources */,
				485569EC2DEF28BC00677B4C /* GitHubModels.swift in Sources */,
				77476CB42E04381C00FEE143 /* StorageMode.swift in Sources */,
				7748B36D2DEEB7F6001A816B /* Home.swift in Sources */,
				77476CEA2E053D4300FEE143 /* NoteDetailView.swift in Sources */,
				77476CE82E053CDA00FEE143 /* NavigationManager.swift in Sources */,
				7748B3662DEEB7D2001A816B /* ScrollOffsetBackground.swift in Sources */,
				7748B3672DEEB7D2001A816B /* NavigationBar.swift in Sources */,
				77476CB92E043A7500FEE143 /* GitHubRepoService.swift in Sources */,
				77B4ED3F2E0596A700EA5804 /* NoteStorageManager.swift in Sources */,
				7748B3712DEEB7FA001A816B /* Notes.swift in Sources */,
				77D283F12DEF8754005F1C52 /* ExampleSecrets.swift in Sources */,
				77476CE52E05350000FEE143 /* NoteParser.swift in Sources */,
				7748B3732DEEB7FB001A816B /* Settings.swift in Sources */,
				77476CDE2E04549C00FEE143 /* GitHubProfileCardView.swift in Sources */,
				7707EF072DEF4C49008FCEE5 /* Triangle.swift in Sources */,
				77476CD52E0440FB00FEE143 /* GitHubServiceError.swift in Sources */,
				77476CDA2E04549000FEE143 /* GitHubLoginPromptView.swift in Sources */,
				7748B3682DEEB7D2001A816B /* NavigationBarVariableBlurView.swift in Sources */,
				7748B3692DEEB7D2001A816B /* NavigationBarView.swift in Sources */,
				77476CBB2E043A7D00FEE143 /* GitHubFileService.swift in Sources */,
				77476CDC2E04549500FEE143 /* GitHubVerificationView.swift in Sources */,
				77C902782DF572A9009E1A07 /* GitHubUploadStep.swift in Sources */,
				7748B36A2DEEB7D2001A816B /* ContentView.swift in Sources */,
				77F1CB422E03337D00D922BD /* Secrets.swift in Sources */,
				77476CBD2E043A8900FEE143 /* GitHubAuthService.swift in Sources */,
				7707EEF42DEEE116008FCEE5 /* RepoCard.swift in Sources */,
				7707EEED2DEEC735008FCEE5 /* Onboarding.swift in Sources */,
				7707EEEF2DEECB04008FCEE5 /* Search.swift in Sources */,
				7748B36B2DEEB7D2001A816B /* SmritiApp.swift in Sources */,
				77528AD92DF5D52800DF3120 /* SmritiNote.swift in Sources */,
				77C902872DF58BE1009E1A07 /* GitHubService.swift in Sources */,
				7748B36F2DEEB7F9001A816B /* Repos.swift in Sources */,
			);
			runOnlyForDeploymentPostprocessing = 0;
		};
/* End PBXSourcesBuildPhase section */

/* Begin XCBuildConfiguration section */
		770F1FD92DEE0C7D00140442 /* Debug */ = {
			isa = XCBuildConfiguration;
			buildSettings = {
				ALWAYS_SEARCH_USER_PATHS = NO;
				ASSETCATALOG_COMPILER_GENERATE_SWIFT_ASSET_SYMBOL_EXTENSIONS = YES;
				CLANG_ANALYZER_NONNULL = YES;
				CLANG_ANALYZER_NUMBER_OBJECT_CONVERSION = YES_AGGRESSIVE;
				CLANG_CXX_LANGUAGE_STANDARD = "gnu++20";
				CLANG_ENABLE_MODULES = YES;
				CLANG_ENABLE_OBJC_ARC = YES;
				CLANG_ENABLE_OBJC_WEAK = YES;
				CLANG_WARN_BLOCK_CAPTURE_AUTORELEASING = YES;
				CLANG_WARN_BOOL_CONVERSION = YES;
				CLANG_WARN_COMMA = YES;
				CLANG_WARN_CONSTANT_CONVERSION = YES;
				CLANG_WARN_DEPRECATED_OBJC_IMPLEMENTATIONS = YES;
				CLANG_WARN_DIRECT_OBJC_ISA_USAGE = YES_ERROR;
				CLANG_WARN_DOCUMENTATION_COMMENTS = YES;
				CLANG_WARN_EMPTY_BODY = YES;
				CLANG_WARN_ENUM_CONVERSION = YES;
				CLANG_WARN_INFINITE_RECURSION = YES;
				CLANG_WARN_INT_CONVERSION = YES;
				CLANG_WARN_NON_LITERAL_NULL_CONVERSION = YES;
				CLANG_WARN_OBJC_IMPLICIT_RETAIN_SELF = YES;
				CLANG_WARN_OBJC_LITERAL_CONVERSION = YES;
				CLANG_WARN_OBJC_ROOT_CLASS = YES_ERROR;
				CLANG_WARN_QUOTED_INCLUDE_IN_FRAMEWORK_HEADER = YES;
				CLANG_WARN_RANGE_LOOP_ANALYSIS = YES;
				CLANG_WARN_STRICT_PROTOTYPES = YES;
				CLANG_WARN_SUSPICIOUS_MOVE = YES;
				CLANG_WARN_UNGUARDED_AVAILABILITY = YES_AGGRESSIVE;
				CLANG_WARN_UNREACHABLE_CODE = YES;
				CLANG_WARN__DUPLICATE_METHOD_MATCH = YES;
				COPY_PHASE_STRIP = NO;
				DEBUG_INFORMATION_FORMAT = dwarf;
				DEVELOPMENT_TEAM = 3YK32DPS3W;
				ENABLE_STRICT_OBJC_MSGSEND = YES;
				ENABLE_TESTABILITY = YES;
				ENABLE_USER_SCRIPT_SANDBOXING = YES;
				GCC_C_LANGUAGE_STANDARD = gnu17;
				GCC_DYNAMIC_NO_PIC = NO;
				GCC_NO_COMMON_BLOCKS = YES;
				GCC_OPTIMIZATION_LEVEL = 0;
				GCC_PREPROCESSOR_DEFINITIONS = (
					"DEBUG=1",
					"$(inherited)",
				);
				GCC_WARN_64_TO_32_BIT_CONVERSION = YES;
				GCC_WARN_ABOUT_RETURN_TYPE = YES_ERROR;
				GCC_WARN_UNDECLARED_SELECTOR = YES;
				GCC_WARN_UNINITIALIZED_AUTOS = YES_AGGRESSIVE;
				GCC_WARN_UNUSED_FUNCTION = YES;
				GCC_WARN_UNUSED_VARIABLE = YES;
				IPHONEOS_DEPLOYMENT_TARGET = 18.2;
				LOCALIZATION_PREFERS_STRING_CATALOGS = YES;
				MTL_ENABLE_DEBUG_INFO = INCLUDE_SOURCE;
				MTL_FAST_MATH = YES;
				ONLY_ACTIVE_ARCH = YES;
				SDKROOT = iphoneos;
				STRING_CATALOG_GENERATE_SYMBOLS = YES;
				SWIFT_ACTIVE_COMPILATION_CONDITIONS = "DEBUG $(inherited)";
				SWIFT_OPTIMIZATION_LEVEL = "-Onone";
			};
			name = Debug;
		};
		770F1FDA2DEE0C7D00140442 /* Release */ = {
			isa = XCBuildConfiguration;
			buildSettings = {
				ALWAYS_SEARCH_USER_PATHS = NO;
				ASSETCATALOG_COMPILER_GENERATE_SWIFT_ASSET_SYMBOL_EXTENSIONS = YES;
				CLANG_ANALYZER_NONNULL = YES;
				CLANG_ANALYZER_NUMBER_OBJECT_CONVERSION = YES_AGGRESSIVE;
				CLANG_CXX_LANGUAGE_STANDARD = "gnu++20";
				CLANG_ENABLE_MODULES = YES;
				CLANG_ENABLE_OBJC_ARC = YES;
				CLANG_ENABLE_OBJC_WEAK = YES;
				CLANG_WARN_BLOCK_CAPTURE_AUTORELEASING = YES;
				CLANG_WARN_BOOL_CONVERSION = YES;
				CLANG_WARN_COMMA = YES;
				CLANG_WARN_CONSTANT_CONVERSION = YES;
				CLANG_WARN_DEPRECATED_OBJC_IMPLEMENTATIONS = YES;
				CLANG_WARN_DIRECT_OBJC_ISA_USAGE = YES_ERROR;
				CLANG_WARN_DOCUMENTATION_COMMENTS = YES;
				CLANG_WARN_EMPTY_BODY = YES;
				CLANG_WARN_ENUM_CONVERSION = YES;
				CLANG_WARN_INFINITE_RECURSION = YES;
				CLANG_WARN_INT_CONVERSION = YES;
				CLANG_WARN_NON_LITERAL_NULL_CONVERSION = YES;
				CLANG_WARN_OBJC_IMPLICIT_RETAIN_SELF = YES;
				CLANG_WARN_OBJC_LITERAL_CONVERSION = YES;
				CLANG_WARN_OBJC_ROOT_CLASS = YES_ERROR;
				CLANG_WARN_QUOTED_INCLUDE_IN_FRAMEWORK_HEADER = YES;
				CLANG_WARN_RANGE_LOOP_ANALYSIS = YES;
				CLANG_WARN_STRICT_PROTOTYPES = YES;
				CLANG_WARN_SUSPICIOUS_MOVE = YES;
				CLANG_WARN_UNGUARDED_AVAILABILITY = YES_AGGRESSIVE;
				CLANG_WARN_UNREACHABLE_CODE = YES;
				CLANG_WARN__DUPLICATE_METHOD_MATCH = YES;
				COPY_PHASE_STRIP = NO;
				DEBUG_INFORMATION_FORMAT = "dwarf-with-dsym";
				DEVELOPMENT_TEAM = 3YK32DPS3W;
				ENABLE_NS_ASSERTIONS = NO;
				ENABLE_STRICT_OBJC_MSGSEND = YES;
				ENABLE_USER_SCRIPT_SANDBOXING = YES;
				GCC_C_LANGUAGE_STANDARD = gnu17;
				GCC_NO_COMMON_BLOCKS = YES;
				GCC_WARN_64_TO_32_BIT_CONVERSION = YES;
				GCC_WARN_ABOUT_RETURN_TYPE = YES_ERROR;
				GCC_WARN_UNDECLARED_SELECTOR = YES;
				GCC_WARN_UNINITIALIZED_AUTOS = YES_AGGRESSIVE;
				GCC_WARN_UNUSED_FUNCTION = YES;
				GCC_WARN_UNUSED_VARIABLE = YES;
				IPHONEOS_DEPLOYMENT_TARGET = 18.2;
				LOCALIZATION_PREFERS_STRING_CATALOGS = YES;
				MTL_ENABLE_DEBUG_INFO = NO;
				MTL_FAST_MATH = YES;
				SDKROOT = iphoneos;
				STRING_CATALOG_GENERATE_SYMBOLS = YES;
				SWIFT_COMPILATION_MODE = wholemodule;
				VALIDATE_PRODUCT = YES;
			};
			name = Release;
		};
		770F1FDC2DEE0C7D00140442 /* Debug */ = {
			isa = XCBuildConfiguration;
			buildSettings = {
				ASSETCATALOG_COMPILER_APPICON_NAME = AppIcon;
				ASSETCATALOG_COMPILER_GLOBAL_ACCENT_COLOR_NAME = AccentColor;
				CODE_SIGN_STYLE = Automatic;
				CURRENT_PROJECT_VERSION = 1;
				DEVELOPMENT_ASSET_PATHS = "\"Smriti/Resources/Preview Content\"";
				ENABLE_PREVIEWS = YES;
				GENERATE_INFOPLIST_FILE = YES;
				INFOPLIST_FILE = Smriti/Info.plist;
				INFOPLIST_KEY_CFBundleDisplayName = Smriti;
				INFOPLIST_KEY_LSApplicationCategoryType = "public.app-category.utilities";
				INFOPLIST_KEY_UIApplicationSceneManifest_Generation = YES;
				INFOPLIST_KEY_UIApplicationSupportsIndirectInputEvents = YES;
				INFOPLIST_KEY_UILaunchScreen_Generation = YES;
				INFOPLIST_KEY_UISupportedInterfaceOrientations_iPad = "UIInterfaceOrientationPortrait UIInterfaceOrientationPortraitUpsideDown UIInterfaceOrientationLandscapeLeft UIInterfaceOrientationLandscapeRight";
				INFOPLIST_KEY_UISupportedInterfaceOrientations_iPhone = "UIInterfaceOrientationPortrait UIInterfaceOrientationLandscapeLeft UIInterfaceOrientationLandscapeRight";
				IPHONEOS_DEPLOYMENT_TARGET = 17.0;
				LD_RUNPATH_SEARCH_PATHS = (
					"$(inherited)",
					"@executable_path/Frameworks",
				);
				MARKETING_VERSION = 1.0;
				OTHER_LDFLAGS = "-ObjC";
				PRODUCT_BUNDLE_IDENTIFIER = atpugvaraa.smriti;
				PRODUCT_NAME = "$(TARGET_NAME)";
				SWIFT_EMIT_LOC_STRINGS = YES;
				SWIFT_VERSION = 5.0;
				TARGETED_DEVICE_FAMILY = "1,2";
			};
			name = Debug;
		};
		770F1FDD2DEE0C7D00140442 /* Release */ = {
			isa = XCBuildConfiguration;
			buildSettings = {
				ASSETCATALOG_COMPILER_APPICON_NAME = AppIcon;
				ASSETCATALOG_COMPILER_GLOBAL_ACCENT_COLOR_NAME = AccentColor;
				CODE_SIGN_STYLE = Automatic;
				CURRENT_PROJECT_VERSION = 1;
				DEVELOPMENT_ASSET_PATHS = "\"Smriti/Resources/Preview Content\"";
				ENABLE_PREVIEWS = YES;
				GENERATE_INFOPLIST_FILE = YES;
				INFOPLIST_FILE = Smriti/Info.plist;
				INFOPLIST_KEY_CFBundleDisplayName = Smriti;
				INFOPLIST_KEY_LSApplicationCategoryType = "public.app-category.utilities";
				INFOPLIST_KEY_UIApplicationSceneManifest_Generation = YES;
				INFOPLIST_KEY_UIApplicationSupportsIndirectInputEvents = YES;
				INFOPLIST_KEY_UILaunchScreen_Generation = YES;
				INFOPLIST_KEY_UISupportedInterfaceOrientations_iPad = "UIInterfaceOrientationPortrait UIInterfaceOrientationPortraitUpsideDown UIInterfaceOrientationLandscapeLeft UIInterfaceOrientationLandscapeRight";
				INFOPLIST_KEY_UISupportedInterfaceOrientations_iPhone = "UIInterfaceOrientationPortrait UIInterfaceOrientationLandscapeLeft UIInterfaceOrientationLandscapeRight";
				IPHONEOS_DEPLOYMENT_TARGET = 17.0;
				LD_RUNPATH_SEARCH_PATHS = (
					"$(inherited)",
					"@executable_path/Frameworks",
				);
				MARKETING_VERSION = 1.0;
				OTHER_LDFLAGS = "-ObjC";
				PRODUCT_BUNDLE_IDENTIFIER = atpugvaraa.smriti;
				PRODUCT_NAME = "$(TARGET_NAME)";
				SWIFT_EMIT_LOC_STRINGS = YES;
				SWIFT_VERSION = 5.0;
				TARGETED_DEVICE_FAMILY = "1,2";
			};
			name = Release;
		};
/* End XCBuildConfiguration section */

/* Begin XCConfigurationList section */
		770F1FC82DEE0C7B00140442 /* Build configuration list for PBXProject "Smriti" */ = {
			isa = XCConfigurationList;
			buildConfigurations = (
				770F1FD92DEE0C7D00140442 /* Debug */,
				770F1FDA2DEE0C7D00140442 /* Release */,
			);
			defaultConfigurationIsVisible = 0;
			defaultConfigurationName = Release;
		};
		770F1FDB2DEE0C7D00140442 /* Build configuration list for PBXNativeTarget "Smriti" */ = {
			isa = XCConfigurationList;
			buildConfigurations = (
				770F1FDC2DEE0C7D00140442 /* Debug */,
				770F1FDD2DEE0C7D00140442 /* Release */,
			);
			defaultConfigurationIsVisible = 0;
			defaultConfigurationName = Release;
		};
/* End XCConfigurationList section */

/* Begin XCRemoteSwiftPackageReference section */
		77476CE12E0534FA00FEE143 /* XCRemoteSwiftPackageReference "Yams" */ = {
			isa = XCRemoteSwiftPackageReference;
			repositoryURL = "https://github.com/jpsim/Yams.git";
			requirement = {
				kind = upToNextMajorVersion;
				minimumVersion = 6.0.1;
			};
		};
/* End XCRemoteSwiftPackageReference section */

/* Begin XCSwiftPackageProductDependency section */
		77476CE22E0534FA00FEE143 /* Yams */ = {
			isa = XCSwiftPackageProductDependency;
			package = 77476CE12E0534FA00FEE143 /* XCRemoteSwiftPackageReference "Yams" */;
			productName = Yams;
		};
/* End XCSwiftPackageProductDependency section */
	};
	rootObject = 770F1FC52DEE0C7B00140442 /* Project object */;
}
