// !$*UTF8*$!
{
	archiveVersion = 1;
	classes = {
	};
	objectVersion = 77;
	objects = {

/* Begin PBXBuildFile section */
		485569EC2DEF28BC00677B4C /* Models.swift in Sources */ = {isa = PBXBuildFile; fileRef = 485569EB2DEF28BC00677B4C /* Models.swift */; };
		485569F02DEF28EC00677B4C /* GitHubAuthViewModel.swift in Sources */ = {isa = PBXBuildFile; fileRef = 485569EF2DEF28EC00677B4C /* GitHubAuthViewModel.swift */; };
		7707EEED2DEEC735008FCEE5 /* Onboarding.swift in Sources */ = {isa = PBXBuildFile; fileRef = 7707EEEC2DEEC735008FCEE5 /* Onboarding.swift */; };
		7707EEEF2DEECB04008FCEE5 /* Search.swift in Sources */ = {isa = PBXBuildFile; fileRef = 7707EEEE2DEECB04008FCEE5 /* Search.swift */; };
		7707EEF22DEED006008FCEE5 /* NotesCard.swift in Sources */ = {isa = PBXBuildFile; fileRef = 7707EEF12DEED006008FCEE5 /* NotesCard.swift */; };
		7707EEF42DEEE116008FCEE5 /* RepoCard.swift in Sources */ = {isa = PBXBuildFile; fileRef = 7707EEF32DEEE116008FCEE5 /* RepoCard.swift */; };
		7748B3612DEEB7D2001A816B /* Preview Assets.xcassets in Resources */ = {isa = PBXBuildFile; fileRef = 7748B3582DEEB7D2001A816B /* Preview Assets.xcassets */; };
		7748B3622DEEB7D2001A816B /* Assets.xcassets in Resources */ = {isa = PBXBuildFile; fileRef = 7748B35A2DEEB7D2001A816B /* Assets.xcassets */; };
		7748B3632DEEB7D2001A816B /* NavigationBarStyleKey.swift in Sources */ = {isa = PBXBuildFile; fileRef = 7748B34B2DEEB7D2001A816B /* NavigationBarStyleKey.swift */; };
		7748B3642DEEB7D2001A816B /* ViewOffsetKey.swift in Sources */ = {isa = PBXBuildFile; fileRef = 7748B34C2DEEB7D2001A816B /* ViewOffsetKey.swift */; };
		7748B3652DEEB7D2001A816B /* NavigationBarStyle.swift in Sources */ = {isa = PBXBuildFile; fileRef = 7748B34E2DEEB7D2001A816B /* NavigationBarStyle.swift */; };
		7748B3662DEEB7D2001A816B /* ScrollOffsetBackground.swift in Sources */ = {isa = PBXBuildFile; fileRef = 7748B34F2DEEB7D2001A816B /* ScrollOffsetBackground.swift */; };
		7748B3672DEEB7D2001A816B /* NavigationBar.swift in Sources */ = {isa = PBXBuildFile; fileRef = 7748B3512DEEB7D2001A816B /* NavigationBar.swift */; };
		7748B3682DEEB7D2001A816B /* NavigationBarVariableBlurView.swift in Sources */ = {isa = PBXBuildFile; fileRef = 7748B3522DEEB7D2001A816B /* NavigationBarVariableBlurView.swift */; };
		7748B3692DEEB7D2001A816B /* NavigationBarView.swift in Sources */ = {isa = PBXBuildFile; fileRef = 7748B3532DEEB7D2001A816B /* NavigationBarView.swift */; };
		7748B36A2DEEB7D2001A816B /* ContentView.swift in Sources */ = {isa = PBXBuildFile; fileRef = 7748B35C2DEEB7D2001A816B /* ContentView.swift */; };
		7748B36B2DEEB7D2001A816B /* SmritiApp.swift in Sources */ = {isa = PBXBuildFile; fileRef = 7748B35D2DEEB7D2001A816B /* SmritiApp.swift */; };
		7748B36D2DEEB7F6001A816B /* Home.swift in Sources */ = {isa = PBXBuildFile; fileRef = 7748B36C2DEEB7F6001A816B /* Home.swift */; };
		7748B36F2DEEB7F9001A816B /* Repos.swift in Sources */ = {isa = PBXBuildFile; fileRef = 7748B36E2DEEB7F9001A816B /* Repos.swift */; };
		7748B3712DEEB7FA001A816B /* Notes.swift in Sources */ = {isa = PBXBuildFile; fileRef = 7748B3702DEEB7FA001A816B /* Notes.swift */; };
		7748B3732DEEB7FB001A816B /* Settings.swift in Sources */ = {isa = PBXBuildFile; fileRef = 7748B3722DEEB7FB001A816B /* Settings.swift */; };
		7748B3772DEEBB25001A816B /* UniversalOverlay.swift in Sources */ = {isa = PBXBuildFile; fileRef = 7748B3762DEEBB25001A816B /* UniversalOverlay.swift */; };
/* End PBXBuildFile section */

/* Begin PBXFileReference section */
		485569EA2DEF27A500677B4C /* Info.plist */ = {isa = PBXFileReference; lastKnownFileType = text.plist; path = Info.plist; sourceTree = "<group>"; };
		485569EB2DEF28BC00677B4C /* Models.swift */ = {isa = PBXFileReference; lastKnownFileType = sourcecode.swift; path = Models.swift; sourceTree = "<group>"; };
		485569EF2DEF28EC00677B4C /* GitHubAuthViewModel.swift */ = {isa = PBXFileReference; lastKnownFileType = sourcecode.swift; path = GitHubAuthViewModel.swift; sourceTree = "<group>"; };
		7707EEEC2DEEC735008FCEE5 /* Onboarding.swift */ = {isa = PBXFileReference; lastKnownFileType = sourcecode.swift; path = Onboarding.swift; sourceTree = "<group>"; };
		7707EEEE2DEECB04008FCEE5 /* Search.swift */ = {isa = PBXFileReference; lastKnownFileType = sourcecode.swift; path = Search.swift; sourceTree = "<group>"; };
		7707EEF12DEED006008FCEE5 /* NotesCard.swift */ = {isa = PBXFileReference; lastKnownFileType = sourcecode.swift; path = NotesCard.swift; sourceTree = "<group>"; };
		7707EEF32DEEE116008FCEE5 /* RepoCard.swift */ = {isa = PBXFileReference; lastKnownFileType = sourcecode.swift; path = RepoCard.swift; sourceTree = "<group>"; };
		770F1FCD2DEE0C7B00140442 /* Smriti.app */ = {isa = PBXFileReference; explicitFileType = wrapper.application; includeInIndex = 0; path = Smriti.app; sourceTree = BUILT_PRODUCTS_DIR; };
		7748B34B2DEEB7D2001A816B /* NavigationBarStyleKey.swift */ = {isa = PBXFileReference; lastKnownFileType = sourcecode.swift; path = NavigationBarStyleKey.swift; sourceTree = "<group>"; };
		7748B34C2DEEB7D2001A816B /* ViewOffsetKey.swift */ = {isa = PBXFileReference; lastKnownFileType = sourcecode.swift; path = ViewOffsetKey.swift; sourceTree = "<group>"; };
		7748B34E2DEEB7D2001A816B /* NavigationBarStyle.swift */ = {isa = PBXFileReference; lastKnownFileType = sourcecode.swift; path = NavigationBarStyle.swift; sourceTree = "<group>"; };
		7748B34F2DEEB7D2001A816B /* ScrollOffsetBackground.swift */ = {isa = PBXFileReference; lastKnownFileType = sourcecode.swift; path = ScrollOffsetBackground.swift; sourceTree = "<group>"; };
		7748B3512DEEB7D2001A816B /* NavigationBar.swift */ = {isa = PBXFileReference; lastKnownFileType = sourcecode.swift; path = NavigationBar.swift; sourceTree = "<group>"; };
		7748B3522DEEB7D2001A816B /* NavigationBarVariableBlurView.swift */ = {isa = PBXFileReference; lastKnownFileType = sourcecode.swift; path = NavigationBarVariableBlurView.swift; sourceTree = "<group>"; };
		7748B3532DEEB7D2001A816B /* NavigationBarView.swift */ = {isa = PBXFileReference; lastKnownFileType = sourcecode.swift; path = NavigationBarView.swift; sourceTree = "<group>"; };
		7748B3582DEEB7D2001A816B /* Preview Assets.xcassets */ = {isa = PBXFileReference; lastKnownFileType = folder.assetcatalog; path = "Preview Assets.xcassets"; sourceTree = "<group>"; };
		7748B35A2DEEB7D2001A816B /* Assets.xcassets */ = {isa = PBXFileReference; lastKnownFileType = folder.assetcatalog; path = Assets.xcassets; sourceTree = "<group>"; };
		7748B35C2DEEB7D2001A816B /* ContentView.swift */ = {isa = PBXFileReference; lastKnownFileType = sourcecode.swift; path = ContentView.swift; sourceTree = "<group>"; };
		7748B35D2DEEB7D2001A816B /* SmritiApp.swift */ = {isa = PBXFileReference; lastKnownFileType = sourcecode.swift; path = SmritiApp.swift; sourceTree = "<group>"; };
		7748B36C2DEEB7F6001A816B /* Home.swift */ = {isa = PBXFileReference; lastKnownFileType = sourcecode.swift; path = Home.swift; sourceTree = "<group>"; };
		7748B36E2DEEB7F9001A816B /* Repos.swift */ = {isa = PBXFileReference; lastKnownFileType = sourcecode.swift; path = Repos.swift; sourceTree = "<group>"; };
		7748B3702DEEB7FA001A816B /* Notes.swift */ = {isa = PBXFileReference; lastKnownFileType = sourcecode.swift; path = Notes.swift; sourceTree = "<group>"; };
		7748B3722DEEB7FB001A816B /* Settings.swift */ = {isa = PBXFileReference; lastKnownFileType = sourcecode.swift; path = Settings.swift; sourceTree = "<group>"; };
		7748B3762DEEBB25001A816B /* UniversalOverlay.swift */ = {isa = PBXFileReference; lastKnownFileType = sourcecode.swift; path = UniversalOverlay.swift; sourceTree = "<group>"; };
/* End PBXFileReference section */

/* Begin PBXFrameworksBuildPhase section */
		770F1FCA2DEE0C7B00140442 /* Frameworks */ = {
			isa = PBXFrameworksBuildPhase;
			buildActionMask = 2147483647;
			files = (
			);
			runOnlyForDeploymentPostprocessing = 0;
		};
/* End PBXFrameworksBuildPhase section */

/* Begin PBXGroup section */
		485569E92DEF26EF00677B4C /* Models */ = {
			isa = PBXGroup;
			children = (
				485569EB2DEF28BC00677B4C /* Models.swift */,
			);
			path = Models;
			sourceTree = "<group>";
		};
		485569EE2DEF28E600677B4C /* ViewModels */ = {
			isa = PBXGroup;
			children = (
				485569EF2DEF28EC00677B4C /* GitHubAuthViewModel.swift */,
			);
			path = ViewModels;
			sourceTree = "<group>";
		};
		7707EEF02DEECFF5008FCEE5 /* Notes */ = {
			isa = PBXGroup;
			children = (
				7748B3702DEEB7FA001A816B /* Notes.swift */,
				7707EEF12DEED006008FCEE5 /* NotesCard.swift */,
			);
			path = Notes;
			sourceTree = "<group>";
		};
		7707EEF52DEEE11E008FCEE5 /* Repos */ = {
			isa = PBXGroup;
			children = (
				7748B36E2DEEB7F9001A816B /* Repos.swift */,
				7707EEF32DEEE116008FCEE5 /* RepoCard.swift */,
			);
			path = Repos;
			sourceTree = "<group>";
		};
		770F1FC42DEE0C7B00140442 = {
			isa = PBXGroup;
			children = (
				7748B3602DEEB7D2001A816B /* Smriti */,
				770F1FCE2DEE0C7B00140442 /* Products */,
			);
			sourceTree = "<group>";
		};
		770F1FCE2DEE0C7B00140442 /* Products */ = {
			isa = PBXGroup;
			children = (
				770F1FCD2DEE0C7B00140442 /* Smriti.app */,
			);
			name = Products;
			sourceTree = "<group>";
		};
		7748B34D2DEEB7D2001A816B /* Keys */ = {
			isa = PBXGroup;
			children = (
				7748B34B2DEEB7D2001A816B /* NavigationBarStyleKey.swift */,
				7748B34C2DEEB7D2001A816B /* ViewOffsetKey.swift */,
			);
			path = Keys;
			sourceTree = "<group>";
		};
		7748B3502DEEB7D2001A816B /* Setup */ = {
			isa = PBXGroup;
			children = (
				7748B34D2DEEB7D2001A816B /* Keys */,
				7748B34E2DEEB7D2001A816B /* NavigationBarStyle.swift */,
				7748B34F2DEEB7D2001A816B /* ScrollOffsetBackground.swift */,
			);
			path = Setup;
			sourceTree = "<group>";
		};
		7748B3542DEEB7D2001A816B /* Navigation Bar */ = {
			isa = PBXGroup;
			children = (
				7748B3502DEEB7D2001A816B /* Setup */,
				7748B3512DEEB7D2001A816B /* NavigationBar.swift */,
				7748B3522DEEB7D2001A816B /* NavigationBarVariableBlurView.swift */,
				7748B3532DEEB7D2001A816B /* NavigationBarView.swift */,
			);
			path = "Navigation Bar";
			sourceTree = "<group>";
		};
		7748B3552DEEB7D2001A816B /* Helpers */ = {
			isa = PBXGroup;
			children = (
				7748B3782DEEBB2B001A816B /* Alerts */,
				7748B3542DEEB7D2001A816B /* Navigation Bar */,
			);
			path = Helpers;
			sourceTree = "<group>";
		};
		7748B3572DEEB7D2001A816B /* Observables */ = {
			isa = PBXGroup;
			children = (
				7707EEEE2DEECB04008FCEE5 /* Search.swift */,
			);
			path = Observables;
			sourceTree = "<group>";
		};
		7748B3592DEEB7D2001A816B /* Preview Content */ = {
			isa = PBXGroup;
			children = (
				7748B3582DEEB7D2001A816B /* Preview Assets.xcassets */,
			);
			path = "Preview Content";
			sourceTree = "<group>";
		};
		7748B35B2DEEB7D2001A816B /* Resources */ = {
			isa = PBXGroup;
			children = (
				7748B3592DEEB7D2001A816B /* Preview Content */,
				7748B35A2DEEB7D2001A816B /* Assets.xcassets */,
			);
			path = Resources;
			sourceTree = "<group>";
		};
		7748B35E2DEEB7D2001A816B /* Root */ = {
			isa = PBXGroup;
			children = (
				7748B35C2DEEB7D2001A816B /* ContentView.swift */,
				7748B35D2DEEB7D2001A816B /* SmritiApp.swift */,
				7707EEEC2DEEC735008FCEE5 /* Onboarding.swift */,
			);
			path = Root;
			sourceTree = "<group>";
		};
		7748B35F2DEEB7D2001A816B /* Views */ = {
			isa = PBXGroup;
			children = (
				7748B3722DEEB7FB001A816B /* Settings.swift */,
				7707EEF02DEECFF5008FCEE5 /* Notes */,
				7707EEF52DEEE11E008FCEE5 /* Repos */,
				7748B36C2DEEB7F6001A816B /* Home.swift */,
			);
			path = Views;
			sourceTree = "<group>";
		};
		7748B3602DEEB7D2001A816B /* Smriti */ = {
			isa = PBXGroup;
			children = (
				485569EE2DEF28E600677B4C /* ViewModels */,
				485569EA2DEF27A500677B4C /* Info.plist */,
				485569E92DEF26EF00677B4C /* Models */,
				7748B35E2DEEB7D2001A816B /* Root */,
				7748B3572DEEB7D2001A816B /* Observables */,
				7748B35F2DEEB7D2001A816B /* Views */,
				7748B3552DEEB7D2001A816B /* Helpers */,
				7748B35B2DEEB7D2001A816B /* Resources */,
			);
			path = Smriti;
			sourceTree = "<group>";
		};
		7748B3782DEEBB2B001A816B /* Alerts */ = {
			isa = PBXGroup;
			children = (
				7748B3762DEEBB25001A816B /* UniversalOverlay.swift */,
			);
			path = Alerts;
			sourceTree = "<group>";
		};
/* End PBXGroup section */

/* Begin PBXNativeTarget section */
		770F1FCC2DEE0C7B00140442 /* Smriti */ = {
			isa = PBXNativeTarget;
			buildConfigurationList = 770F1FDB2DEE0C7D00140442 /* Build configuration list for PBXNativeTarget "Smriti" */;
			buildPhases = (
				770F1FC92DEE0C7B00140442 /* Sources */,
				770F1FCA2DEE0C7B00140442 /* Frameworks */,
				770F1FCB2DEE0C7B00140442 /* Resources */,
			);
			buildRules = (
			);
			dependencies = (
			);
			name = Smriti;
			packageProductDependencies = (
			);
			productName = Smriti;
			productReference = 770F1FCD2DEE0C7B00140442 /* Smriti.app */;
			productType = "com.apple.product-type.application";
		};
/* End PBXNativeTarget section */

/* Begin PBXProject section */
		770F1FC52DEE0C7B00140442 /* Project object */ = {
			isa = PBXProject;
			attributes = {
				BuildIndependentTargetsInParallel = 1;
				LastSwiftUpdateCheck = 1620;
				LastUpgradeCheck = 1620;
				TargetAttributes = {
					770F1FCC2DEE0C7B00140442 = {
						CreatedOnToolsVersion = 16.2;
					};
				};
			};
			buildConfigurationList = 770F1FC82DEE0C7B00140442 /* Build configuration list for PBXProject "Smriti" */;
			developmentRegion = en;
			hasScannedForEncodings = 0;
			knownRegions = (
				en,
				Base,
			);
			mainGroup = 770F1FC42DEE0C7B00140442;
			minimizedProjectReferenceProxies = 1;
			preferredProjectObjectVersion = 77;
			productRefGroup = 770F1FCE2DEE0C7B00140442 /* Products */;
			projectDirPath = "";
			projectRoot = "";
			targets = (
				770F1FCC2DEE0C7B00140442 /* Smriti */,
			);
		};
/* End PBXProject section */

/* Begin PBXResourcesBuildPhase section */
		770F1FCB2DEE0C7B00140442 /* Resources */ = {
			isa = PBXResourcesBuildPhase;
			buildActionMask = 2147483647;
			files = (
				7748B3612DEEB7D2001A816B /* Preview Assets.xcassets in Resources */,
				7748B3622DEEB7D2001A816B /* Assets.xcassets in Resources */,
			);
			runOnlyForDeploymentPostprocessing = 0;
		};
/* End PBXResourcesBuildPhase section */

/* Begin PBXSourcesBuildPhase section */
		770F1FC92DEE0C7B00140442 /* Sources */ = {
			isa = PBXSourcesBuildPhase;
			buildActionMask = 2147483647;
			files = (
				7707EEF22DEED006008FCEE5 /* NotesCard.swift in Sources */,
				485569F02DEF28EC00677B4C /* GitHubAuthViewModel.swift in Sources */,
				7748B3632DEEB7D2001A816B /* NavigationBarStyleKey.swift in Sources */,
				7748B3642DEEB7D2001A816B /* ViewOffsetKey.swift in Sources */,
				7748B3772DEEBB25001A816B /* UniversalOverlay.swift in Sources */,
				7748B3652DEEB7D2001A816B /* NavigationBarStyle.swift in Sources */,
				485569EC2DEF28BC00677B4C /* Models.swift in Sources */,
				7748B36D2DEEB7F6001A816B /* Home.swift in Sources */,
				7748B3662DEEB7D2001A816B /* ScrollOffsetBackground.swift in Sources */,
				7748B3672DEEB7D2001A816B /* NavigationBar.swift in Sources */,
				7748B3712DEEB7FA001A816B /* Notes.swift in Sources */,
				7748B3732DEEB7FB001A816B /* Settings.swift in Sources */,
				7748B3682DEEB7D2001A816B /* NavigationBarVariableBlurView.swift in Sources */,
				7748B3692DEEB7D2001A816B /* NavigationBarView.swift in Sources */,
				7748B36A2DEEB7D2001A816B /* ContentView.swift in Sources */,
				7707EEF42DEEE116008FCEE5 /* RepoCard.swift in Sources */,
				7707EEED2DEEC735008FCEE5 /* Onboarding.swift in Sources */,
				7707EEEF2DEECB04008FCEE5 /* Search.swift in Sources */,
				7748B36B2DEEB7D2001A816B /* SmritiApp.swift in Sources */,
				7748B36F2DEEB7F9001A816B /* Repos.swift in Sources */,
			);
			runOnlyForDeploymentPostprocessing = 0;
		};
/* End PBXSourcesBuildPhase section */

/* Begin XCBuildConfiguration section */
		770F1FD92DEE0C7D00140442 /* Debug */ = {
			isa = XCBuildConfiguration;
			buildSettings = {
				ALWAYS_SEARCH_USER_PATHS = NO;
				ASSETCATALOG_COMPILER_GENERATE_SWIFT_ASSET_SYMBOL_EXTENSIONS = YES;
				CLANG_ANALYZER_NONNULL = YES;
				CLANG_ANALYZER_NUMBER_OBJECT_CONVERSION = YES_AGGRESSIVE;
				CLANG_CXX_LANGUAGE_STANDARD = "gnu++20";
				CLANG_ENABLE_MODULES = YES;
				CLANG_ENABLE_OBJC_ARC = YES;
				CLANG_ENABLE_OBJC_WEAK = YES;
				CLANG_WARN_BLOCK_CAPTURE_AUTORELEASING = YES;
				CLANG_WARN_BOOL_CONVERSION = YES;
				CLANG_WARN_COMMA = YES;
				CLANG_WARN_CONSTANT_CONVERSION = YES;
				CLANG_WARN_DEPRECATED_OBJC_IMPLEMENTATIONS = YES;
				CLANG_WARN_DIRECT_OBJC_ISA_USAGE = YES_ERROR;
				CLANG_WARN_DOCUMENTATION_COMMENTS = YES;
				CLANG_WARN_EMPTY_BODY = YES;
				CLANG_WARN_ENUM_CONVERSION = YES;
				CLANG_WARN_INFINITE_RECURSION = YES;
				CLANG_WARN_INT_CONVERSION = YES;
				CLANG_WARN_NON_LITERAL_NULL_CONVERSION = YES;
				CLANG_WARN_OBJC_IMPLICIT_RETAIN_SELF = YES;
				CLANG_WARN_OBJC_LITERAL_CONVERSION = YES;
				CLANG_WARN_OBJC_ROOT_CLASS = YES_ERROR;
				CLANG_WARN_QUOTED_INCLUDE_IN_FRAMEWORK_HEADER = YES;
				CLANG_WARN_RANGE_LOOP_ANALYSIS = YES;
				CLANG_WARN_STRICT_PROTOTYPES = YES;
				CLANG_WARN_SUSPICIOUS_MOVE = YES;
				CLANG_WARN_UNGUARDED_AVAILABILITY = YES_AGGRESSIVE;
				CLANG_WARN_UNREACHABLE_CODE = YES;
				CLANG_WARN__DUPLICATE_METHOD_MATCH = YES;
				COPY_PHASE_STRIP = NO;
				DEBUG_INFORMATION_FORMAT = dwarf;
				ENABLE_STRICT_OBJC_MSGSEND = YES;
				ENABLE_TESTABILITY = YES;
				ENABLE_USER_SCRIPT_SANDBOXING = YES;
				GCC_C_LANGUAGE_STANDARD = gnu17;
				GCC_DYNAMIC_NO_PIC = NO;
				GCC_NO_COMMON_BLOCKS = YES;
				GCC_OPTIMIZATION_LEVEL = 0;
				GCC_PREPROCESSOR_DEFINITIONS = (
					"DEBUG=1",
					"$(inherited)",
				);
				GCC_WARN_64_TO_32_BIT_CONVERSION = YES;
				GCC_WARN_ABOUT_RETURN_TYPE = YES_ERROR;
				GCC_WARN_UNDECLARED_SELECTOR = YES;
				GCC_WARN_UNINITIALIZED_AUTOS = YES_AGGRESSIVE;
				GCC_WARN_UNUSED_FUNCTION = YES;
				GCC_WARN_UNUSED_VARIABLE = YES;
				IPHONEOS_DEPLOYMENT_TARGET = 18.2;
				LOCALIZATION_PREFERS_STRING_CATALOGS = YES;
				MTL_ENABLE_DEBUG_INFO = INCLUDE_SOURCE;
				MTL_FAST_MATH = YES;
				ONLY_ACTIVE_ARCH = YES;
				SDKROOT = iphoneos;
				SWIFT_ACTIVE_COMPILATION_CONDITIONS = "DEBUG $(inherited)";
				SWIFT_OPTIMIZATION_LEVEL = "-Onone";
			};
			name = Debug;
		};
		770F1FDA2DEE0C7D00140442 /* Release */ = {
			isa = XCBuildConfiguration;
			buildSettings = {
				ALWAYS_SEARCH_USER_PATHS = NO;
				ASSETCATALOG_COMPILER_GENERATE_SWIFT_ASSET_SYMBOL_EXTENSIONS = YES;
				CLANG_ANALYZER_NONNULL = YES;
				CLANG_ANALYZER_NUMBER_OBJECT_CONVERSION = YES_AGGRESSIVE;
				CLANG_CXX_LANGUAGE_STANDARD = "gnu++20";
				CLANG_ENABLE_MODULES = YES;
				CLANG_ENABLE_OBJC_ARC = YES;
				CLANG_ENABLE_OBJC_WEAK = YES;
				CLANG_WARN_BLOCK_CAPTURE_AUTORELEASING = YES;
				CLANG_WARN_BOOL_CONVERSION = YES;
				CLANG_WARN_COMMA = YES;
				CLANG_WARN_CONSTANT_CONVERSION = YES;
				CLANG_WARN_DEPRECATED_OBJC_IMPLEMENTATIONS = YES;
				CLANG_WARN_DIRECT_OBJC_ISA_USAGE = YES_ERROR;
				CLANG_WARN_DOCUMENTATION_COMMENTS = YES;
				CLANG_WARN_EMPTY_BODY = YES;
				CLANG_WARN_ENUM_CONVERSION = YES;
				CLANG_WARN_INFINITE_RECURSION = YES;
				CLANG_WARN_INT_CONVERSION = YES;
				CLANG_WARN_NON_LITERAL_NULL_CONVERSION = YES;
				CLANG_WARN_OBJC_IMPLICIT_RETAIN_SELF = YES;
				CLANG_WARN_OBJC_LITERAL_CONVERSION = YES;
				CLANG_WARN_OBJC_ROOT_CLASS = YES_ERROR;
				CLANG_WARN_QUOTED_INCLUDE_IN_FRAMEWORK_HEADER = YES;
				CLANG_WARN_RANGE_LOOP_ANALYSIS = YES;
				CLANG_WARN_STRICT_PROTOTYPES = YES;
				CLANG_WARN_SUSPICIOUS_MOVE = YES;
				CLANG_WARN_UNGUARDED_AVAILABILITY = YES_AGGRESSIVE;
				CLANG_WARN_UNREACHABLE_CODE = YES;
				CLANG_WARN__DUPLICATE_METHOD_MATCH = YES;
				COPY_PHASE_STRIP = NO;
				DEBUG_INFORMATION_FORMAT = "dwarf-with-dsym";
				ENABLE_NS_ASSERTIONS = NO;
				ENABLE_STRICT_OBJC_MSGSEND = YES;
				ENABLE_USER_SCRIPT_SANDBOXING = YES;
				GCC_C_LANGUAGE_STANDARD = gnu17;
				GCC_NO_COMMON_BLOCKS = YES;
				GCC_WARN_64_TO_32_BIT_CONVERSION = YES;
				GCC_WARN_ABOUT_RETURN_TYPE = YES_ERROR;
				GCC_WARN_UNDECLARED_SELECTOR = YES;
				GCC_WARN_UNINITIALIZED_AUTOS = YES_AGGRESSIVE;
				GCC_WARN_UNUSED_FUNCTION = YES;
				GCC_WARN_UNUSED_VARIABLE = YES;
				IPHONEOS_DEPLOYMENT_TARGET = 18.2;
				LOCALIZATION_PREFERS_STRING_CATALOGS = YES;
				MTL_ENABLE_DEBUG_INFO = NO;
				MTL_FAST_MATH = YES;
				SDKROOT = iphoneos;
				SWIFT_COMPILATION_MODE = wholemodule;
				VALIDATE_PRODUCT = YES;
			};
			name = Release;
		};
		770F1FDC2DEE0C7D00140442 /* Debug */ = {
			isa = XCBuildConfiguration;
			buildSettings = {
				ASSETCATALOG_COMPILER_APPICON_NAME = AppIcon;
				ASSETCATALOG_COMPILER_GLOBAL_ACCENT_COLOR_NAME = AccentColor;
				CODE_SIGN_STYLE = Automatic;
				CURRENT_PROJECT_VERSION = 1;
				DEVELOPMENT_ASSET_PATHS = "\"Smriti/Resources/Preview Content\"";
				DEVELOPMENT_TEAM = 3BD2H3ZHMD;
				ENABLE_PREVIEWS = YES;
				GENERATE_INFOPLIST_FILE = YES;
				INFOPLIST_FILE = Smriti/Info.plist;
				INFOPLIST_KEY_CFBundleDisplayName = Smriti;
				INFOPLIST_KEY_LSApplicationCategoryType = "public.app-category.utilities";
				INFOPLIST_KEY_UIApplicationSceneManifest_Generation = YES;
				INFOPLIST_KEY_UIApplicationSupportsIndirectInputEvents = YES;
				INFOPLIST_KEY_UILaunchScreen_Generation = YES;
				INFOPLIST_KEY_UISupportedInterfaceOrientations_iPad = "UIInterfaceOrientationPortrait UIInterfaceOrientationPortraitUpsideDown UIInterfaceOrientationLandscapeLeft UIInterfaceOrientationLandscapeRight";
				INFOPLIST_KEY_UISupportedInterfaceOrientations_iPhone = "UIInterfaceOrientationPortrait UIInterfaceOrientationLandscapeLeft UIInterfaceOrientationLandscapeRight";
				IPHONEOS_DEPLOYMENT_TARGET = 17.0;
				LD_RUNPATH_SEARCH_PATHS = (
					"$(inherited)",
					"@executable_path/Frameworks",
				);
				MARKETING_VERSION = 1.0;
				PRODUCT_BUNDLE_IDENTIFIER = atpugvaraa.Smriti;
				PRODUCT_NAME = "$(TARGET_NAME)";
				SWIFT_EMIT_LOC_STRINGS = YES;
				SWIFT_VERSION = 5.0;
				TARGETED_DEVICE_FAMILY = "1,2";
			};
			name = Debug;
		};
		770F1FDD2DEE0C7D00140442 /* Release */ = {
			isa = XCBuildConfiguration;
			buildSettings = {
				ASSETCATALOG_COMPILER_APPICON_NAME = AppIcon;
				ASSETCATALOG_COMPILER_GLOBAL_ACCENT_COLOR_NAME = AccentColor;
				CODE_SIGN_STYLE = Automatic;
				CURRENT_PROJECT_VERSION = 1;
				DEVELOPMENT_ASSET_PATHS = "\"Smriti/Resources/Preview Content\"";
				DEVELOPMENT_TEAM = 3BD2H3ZHMD;
				ENABLE_PREVIEWS = YES;
				GENERATE_INFOPLIST_FILE = YES;
				INFOPLIST_FILE = Smriti/Info.plist;
				INFOPLIST_KEY_CFBundleDisplayName = Smriti;
				INFOPLIST_KEY_LSApplicationCategoryType = "public.app-category.utilities";
				INFOPLIST_KEY_UIApplicationSceneManifest_Generation = YES;
				INFOPLIST_KEY_UIApplicationSupportsIndirectInputEvents = YES;
				INFOPLIST_KEY_UILaunchScreen_Generation = YES;
				INFOPLIST_KEY_UISupportedInterfaceOrientations_iPad = "UIInterfaceOrientationPortrait UIInterfaceOrientationPortraitUpsideDown UIInterfaceOrientationLandscapeLeft UIInterfaceOrientationLandscapeRight";
				INFOPLIST_KEY_UISupportedInterfaceOrientations_iPhone = "UIInterfaceOrientationPortrait UIInterfaceOrientationLandscapeLeft UIInterfaceOrientationLandscapeRight";
				IPHONEOS_DEPLOYMENT_TARGET = 17.0;
				LD_RUNPATH_SEARCH_PATHS = (
					"$(inherited)",
					"@executable_path/Frameworks",
				);
				MARKETING_VERSION = 1.0;
				PRODUCT_BUNDLE_IDENTIFIER = atpugvaraa.Smriti;
				PRODUCT_NAME = "$(TARGET_NAME)";
				SWIFT_EMIT_LOC_STRINGS = YES;
				SWIFT_VERSION = 5.0;
				TARGETED_DEVICE_FAMILY = "1,2";
			};
			name = Release;
		};
/* End XCBuildConfiguration section */

/* Begin XCConfigurationList section */
		770F1FC82DEE0C7B00140442 /* Build configuration list for PBXProject "Smriti" */ = {
			isa = XCConfigurationList;
			buildConfigurations = (
				770F1FD92DEE0C7D00140442 /* Debug */,
				770F1FDA2DEE0C7D00140442 /* Release */,
			);
			defaultConfigurationIsVisible = 0;
			defaultConfigurationName = Release;
		};
		770F1FDB2DEE0C7D00140442 /* Build configuration list for PBXNativeTarget "Smriti" */ = {
			isa = XCConfigurationList;
			buildConfigurations = (
				770F1FDC2DEE0C7D00140442 /* Debug */,
				770F1FDD2DEE0C7D00140442 /* Release */,
			);
			defaultConfigurationIsVisible = 0;
			defaultConfigurationName = Release;
		};
/* End XCConfigurationList section */
	};
	rootObject = 770F1FC52DEE0C7B00140442 /* Project object */;
}
